
Microsoft Visual Studio Solution File, Format Version 12.00
# Visual Studio Version 17
VisualStudioVersion = 17.8.34330.188
MinimumVisualStudioVersion = 10.0.40219.1
Project("{FAE04EC0-301F-11D3-BF4B-00C04F79EFBC}") = "MyShop.DataAccess", "MyShop.DataAccess\MyShop.DataAccess.csproj", "{F6252563-F417-48CD-AF44-20F374BC9B1A}"
EndProject
Project("{FAE04EC0-301F-11D3-BF4B-00C04F79EFBC}") = "MyShop.Entities", "MyShop.Entities\MyShop.Entities.csproj", "{7CE90FC8-E14D-48DE-89B7-0256836C5188}"
EndProject
Project("{FAE04EC0-301F-11D3-BF4B-00C04F79EFBC}") = "MyShop.Web", "MyShop.Web\MyShop.Web.csproj", "{DDB844A7-C9E8-47D7-BF81-783EEA0DCEB3}"
EndProject
Project("{FAE04EC0-301F-11D3-BF4B-00C04F79EFBC}") = "MyShop.Utilities", "MyShop.Utilities\MyShop.Utilities.csproj", "{F8F493AA-CF10-4FAF-84B9-1DF915AD647C}"
EndProject
Global
	GlobalSection(SolutionConfigurationPlatforms) = preSolution
		Debug|Any CPU = Debug|Any CPU
		Release|Any CPU = Release|Any CPU
	EndGlobalSection
	GlobalSection(ProjectConfigurationPlatforms) = postSolution
		{F6252563-F417-48CD-AF44-20F374BC9B1A}.Debug|Any CPU.ActiveCfg = Debug|Any CPU
		{F6252563-F417-48CD-AF44-20F374BC9B1A}.Debug|Any CPU.Build.0 = Debug|Any CPU
		{F6252563-F417-48CD-AF44-20F374BC9B1A}.Release|Any CPU.ActiveCfg = Release|Any CPU
		{F6252563-F417-48CD-AF44-20F374BC9B1A}.Release|Any CPU.Build.0 = Release|Any CPU
		{7CE90FC8-E14D-48DE-89B7-0256836C5188}.Debug|Any CPU.ActiveCfg = Debug|Any CPU
		{7CE90FC8-E14D-48DE-89B7-0256836C5188}.Debug|Any CPU.Build.0 = Debug|Any CPU
		{7CE90FC8-E14D-48DE-89B7-0256836C5188}.Release|Any CPU.ActiveCfg = Release|Any CPU
		{7CE90FC8-E14D-48DE-89B7-0256836C5188}.Release|Any CPU.Build.0 = Release|Any CPU
		{DDB844A7-C9E8-47D7-BF81-783EEA0DCEB3}.Debug|Any CPU.ActiveCfg = Debug|Any CPU
		{DDB844A7-C9E8-47D7-BF81-783EEA0DCEB3}.Debug|Any CPU.Build.0 = Debug|Any CPU
		{DDB844A7-C9E8-47D7-BF81-783EEA0DCEB3}.Release|Any CPU.ActiveCfg = Release|Any CPU
		{DDB844A7-C9E8-47D7-BF81-783EEA0DCEB3}.Release|Any CPU.Build.0 = Release|Any CPU
		{F8F493AA-CF10-4FAF-84B9-1DF915AD647C}.Debug|Any CPU.ActiveCfg = Debug|Any CPU
		{F8F493AA-CF10-4FAF-84B9-1DF915AD647C}.Debug|Any CPU.Build.0 = Debug|Any CPU
		{F8F493AA-CF10-4FAF-84B9-1DF915AD647C}.Release|Any CPU.ActiveCfg = Release|Any CPU
		{F8F493AA-CF10-4FAF-84B9-1DF915AD647C}.Release|Any CPU.Build.0 = Release|Any CPU
	EndGlobalSection
	GlobalSection(SolutionProperties) = preSolution
		HideSolutionNode = FALSE
	EndGlobalSection
	GlobalSection(ExtensibilityGlobals) = postSolution
		SolutionGuid = {B78E8E34-25C6-4FAE-821E-423FD18A7146}
	EndGlobalSection
EndGlobal
